// !$*UTF8*$!
{
	archiveVersion = 1;
	classes = {
	};
	objectVersion = 56;
	objects = {

/* Begin PBXBuildFile section */
		6206C4972A5199B300C187F2 /* AppDelegate.swift in Sources */ = {isa = PBXBuildFile; fileRef = 6206C4962A5199B300C187F2 /* AppDelegate.swift */; };
		6206C4992A5199B300C187F2 /* SceneDelegate.swift in Sources */ = {isa = PBXBuildFile; fileRef = 6206C4982A5199B300C187F2 /* SceneDelegate.swift */; };
		6206C49B2A5199B300C187F2 /* RMTabViewController.swift in Sources */ = {isa = PBXBuildFile; fileRef = 6206C49A2A5199B300C187F2 /* RMTabViewController.swift */; };
		6206C4A02A5199B400C187F2 /* Assets.xcassets in Resources */ = {isa = PBXBuildFile; fileRef = 6206C49F2A5199B400C187F2 /* Assets.xcassets */; };
		6206C4A32A5199B400C187F2 /* LaunchScreen.storyboard in Resources */ = {isa = PBXBuildFile; fileRef = 6206C4A12A5199B400C187F2 /* LaunchScreen.storyboard */; };
		6206C4B22A51A23500C187F2 /* RMLocation.swift in Sources */ = {isa = PBXBuildFile; fileRef = 6206C4B12A51A23500C187F2 /* RMLocation.swift */; };
		6206C4B42A51A24E00C187F2 /* RMCharacter.swift in Sources */ = {isa = PBXBuildFile; fileRef = 6206C4B32A51A24E00C187F2 /* RMCharacter.swift */; };
		6206C4B62A51A26C00C187F2 /* RMEpisode.swift in Sources */ = {isa = PBXBuildFile; fileRef = 6206C4B52A51A26C00C187F2 /* RMEpisode.swift */; };
		62444EEA2A5345D3009B1AD3 /* RMCharacterViewController.swift in Sources */ = {isa = PBXBuildFile; fileRef = 62444EE92A5345D3009B1AD3 /* RMCharacterViewController.swift */; };
		62444EEC2A5345F3009B1AD3 /* RMLocationViewController.swift in Sources */ = {isa = PBXBuildFile; fileRef = 62444EEB2A5345F3009B1AD3 /* RMLocationViewController.swift */; };
		62444EEE2A534605009B1AD3 /* RMEpisodeViewController.swift in Sources */ = {isa = PBXBuildFile; fileRef = 62444EED2A534605009B1AD3 /* RMEpisodeViewController.swift */; };
		62444EF02A534618009B1AD3 /* RMSettingsViewController.swift in Sources */ = {isa = PBXBuildFile; fileRef = 62444EEF2A534618009B1AD3 /* RMSettingsViewController.swift */; };
		627249D62A59BCF5000782F6 /* RMService.swift in Sources */ = {isa = PBXBuildFile; fileRef = 627249D52A59BCF5000782F6 /* RMService.swift */; };
		627249D82A59BD10000782F6 /* RMRequest.swift in Sources */ = {isa = PBXBuildFile; fileRef = 627249D72A59BD10000782F6 /* RMRequest.swift */; };
		627249DA2A59BDCE000782F6 /* RMEndpoint.swift in Sources */ = {isa = PBXBuildFile; fileRef = 627249D92A59BDCE000782F6 /* RMEndpoint.swift */; };
		627249DC2A59D83C000782F6 /* RMOrigin.swift in Sources */ = {isa = PBXBuildFile; fileRef = 627249DB2A59D83C000782F6 /* RMOrigin.swift */; };
		627249DE2A59D8A4000782F6 /* RMSingleLocation.swift in Sources */ = {isa = PBXBuildFile; fileRef = 627249DD2A59D8A4000782F6 /* RMSingleLocation.swift */; };
		627249E02A59D9AE000782F6 /* RMCharacterStatus.swift in Sources */ = {isa = PBXBuildFile; fileRef = 627249DF2A59D9AE000782F6 /* RMCharacterStatus.swift */; };
		627249E22A59D9E5000782F6 /* RMCharacterGender.swift in Sources */ = {isa = PBXBuildFile; fileRef = 627249E12A59D9E5000782F6 /* RMCharacterGender.swift */; };
/* End PBXBuildFile section */

/* Begin PBXFileReference section */
		6206C4932A5199B300C187F2 /* rickandmorty-ios.app */ = {isa = PBXFileReference; explicitFileType = wrapper.application; includeInIndex = 0; path = "rickandmorty-ios.app"; sourceTree = BUILT_PRODUCTS_DIR; };
		6206C4962A5199B300C187F2 /* AppDelegate.swift */ = {isa = PBXFileReference; lastKnownFileType = sourcecode.swift; path = AppDelegate.swift; sourceTree = "<group>"; };
		6206C4982A5199B300C187F2 /* SceneDelegate.swift */ = {isa = PBXFileReference; lastKnownFileType = sourcecode.swift; path = SceneDelegate.swift; sourceTree = "<group>"; };
		6206C49A2A5199B300C187F2 /* RMTabViewController.swift */ = {isa = PBXFileReference; lastKnownFileType = sourcecode.swift; path = RMTabViewController.swift; sourceTree = "<group>"; };
		6206C49F2A5199B400C187F2 /* Assets.xcassets */ = {isa = PBXFileReference; lastKnownFileType = folder.assetcatalog; path = Assets.xcassets; sourceTree = "<group>"; };
		6206C4A22A5199B400C187F2 /* Base */ = {isa = PBXFileReference; lastKnownFileType = file.storyboard; name = Base; path = Base.lproj/LaunchScreen.storyboard; sourceTree = "<group>"; };
		6206C4A42A5199B400C187F2 /* Info.plist */ = {isa = PBXFileReference; lastKnownFileType = text.plist.xml; path = Info.plist; sourceTree = "<group>"; };
		6206C4B12A51A23500C187F2 /* RMLocation.swift */ = {isa = PBXFileReference; lastKnownFileType = sourcecode.swift; path = RMLocation.swift; sourceTree = "<group>"; };
		6206C4B32A51A24E00C187F2 /* RMCharacter.swift */ = {isa = PBXFileReference; lastKnownFileType = sourcecode.swift; path = RMCharacter.swift; sourceTree = "<group>"; };
		6206C4B52A51A26C00C187F2 /* RMEpisode.swift */ = {isa = PBXFileReference; lastKnownFileType = sourcecode.swift; path = RMEpisode.swift; sourceTree = "<group>"; };
		62444EE92A5345D3009B1AD3 /* RMCharacterViewController.swift */ = {isa = PBXFileReference; lastKnownFileType = sourcecode.swift; path = RMCharacterViewController.swift; sourceTree = "<group>"; };
		62444EEB2A5345F3009B1AD3 /* RMLocationViewController.swift */ = {isa = PBXFileReference; lastKnownFileType = sourcecode.swift; path = RMLocationViewController.swift; sourceTree = "<group>"; };
		62444EED2A534605009B1AD3 /* RMEpisodeViewController.swift */ = {isa = PBXFileReference; lastKnownFileType = sourcecode.swift; path = RMEpisodeViewController.swift; sourceTree = "<group>"; };
		62444EEF2A534618009B1AD3 /* RMSettingsViewController.swift */ = {isa = PBXFileReference; lastKnownFileType = sourcecode.swift; path = RMSettingsViewController.swift; sourceTree = "<group>"; };
		627249D52A59BCF5000782F6 /* RMService.swift */ = {isa = PBXFileReference; lastKnownFileType = sourcecode.swift; path = RMService.swift; sourceTree = "<group>"; };
		627249D72A59BD10000782F6 /* RMRequest.swift */ = {isa = PBXFileReference; lastKnownFileType = sourcecode.swift; path = RMRequest.swift; sourceTree = "<group>"; };
		627249D92A59BDCE000782F6 /* RMEndpoint.swift */ = {isa = PBXFileReference; lastKnownFileType = sourcecode.swift; path = RMEndpoint.swift; sourceTree = "<group>"; };
		627249DB2A59D83C000782F6 /* RMOrigin.swift */ = {isa = PBXFileReference; lastKnownFileType = sourcecode.swift; path = RMOrigin.swift; sourceTree = "<group>"; };
		627249DD2A59D8A4000782F6 /* RMSingleLocation.swift */ = {isa = PBXFileReference; lastKnownFileType = sourcecode.swift; path = RMSingleLocation.swift; sourceTree = "<group>"; };
		627249DF2A59D9AE000782F6 /* RMCharacterStatus.swift */ = {isa = PBXFileReference; lastKnownFileType = sourcecode.swift; path = RMCharacterStatus.swift; sourceTree = "<group>"; };
		627249E12A59D9E5000782F6 /* RMCharacterGender.swift */ = {isa = PBXFileReference; lastKnownFileType = sourcecode.swift; path = RMCharacterGender.swift; sourceTree = "<group>"; };
/* End PBXFileReference section */

/* Begin PBXFrameworksBuildPhase section */
		6206C4902A5199B300C187F2 /* Frameworks */ = {
			isa = PBXFrameworksBuildPhase;
			buildActionMask = 2147483647;
			files = (
			);
			runOnlyForDeploymentPostprocessing = 0;
		};
/* End PBXFrameworksBuildPhase section */

/* Begin PBXGroup section */
		6206C48A2A5199B300C187F2 = {
			isa = PBXGroup;
			children = (
				6206C4952A5199B300C187F2 /* rickandmorty-ios */,
				6206C4942A5199B300C187F2 /* Products */,
			);
			sourceTree = "<group>";
		};
		6206C4942A5199B300C187F2 /* Products */ = {
			isa = PBXGroup;
			children = (
				6206C4932A5199B300C187F2 /* rickandmorty-ios.app */,
			);
			name = Products;
			sourceTree = "<group>";
		};
		6206C4952A5199B300C187F2 /* rickandmorty-ios */ = {
			isa = PBXGroup;
			children = (
				6206C4B02A519FBB00C187F2 /* Resources */,
				6206C4AF2A519FAA00C187F2 /* APIClients */,
				6206C4AE2A519F8F00C187F2 /* Managers */,
				6206C4AD2A519F8400C187F2 /* ViewModels */,
				6206C4AC2A519F7300C187F2 /* Views */,
				6206C4AB2A519F6300C187F2 /* Models */,
				6206C4AA2A519F3D00C187F2 /* Controllers */,
				6206C4A42A5199B400C187F2 /* Info.plist */,
			);
			path = "rickandmorty-ios";
			sourceTree = "<group>";
		};
		6206C4AA2A519F3D00C187F2 /* Controllers */ = {
			isa = PBXGroup;
			children = (
				6206C4B72A51A4B900C187F2 /* Core */,
			);
			path = Controllers;
			sourceTree = "<group>";
		};
		6206C4AB2A519F6300C187F2 /* Models */ = {
			isa = PBXGroup;
			children = (
				6206C4B12A51A23500C187F2 /* RMLocation.swift */,
				6206C4B32A51A24E00C187F2 /* RMCharacter.swift */,
				6206C4B52A51A26C00C187F2 /* RMEpisode.swift */,
				627249DB2A59D83C000782F6 /* RMOrigin.swift */,
				627249DD2A59D8A4000782F6 /* RMSingleLocation.swift */,
				627249DF2A59D9AE000782F6 /* RMCharacterStatus.swift */,
				627249E12A59D9E5000782F6 /* RMCharacterGender.swift */,
			);
			path = Models;
			sourceTree = "<group>";
		};
		6206C4AC2A519F7300C187F2 /* Views */ = {
			isa = PBXGroup;
			children = (
			);
			path = Views;
			sourceTree = "<group>";
		};
		6206C4AD2A519F8400C187F2 /* ViewModels */ = {
			isa = PBXGroup;
			children = (
			);
			path = ViewModels;
			sourceTree = "<group>";
		};
		6206C4AE2A519F8F00C187F2 /* Managers */ = {
			isa = PBXGroup;
			children = (
			);
			path = Managers;
			sourceTree = "<group>";
		};
		6206C4AF2A519FAA00C187F2 /* APIClients */ = {
			isa = PBXGroup;
			children = (
				627249D52A59BCF5000782F6 /* RMService.swift */,
				627249D72A59BD10000782F6 /* RMRequest.swift */,
				627249D92A59BDCE000782F6 /* RMEndpoint.swift */,
			);
			path = APIClients;
			sourceTree = "<group>";
		};
		6206C4B02A519FBB00C187F2 /* Resources */ = {
			isa = PBXGroup;
			children = (
				6206C49F2A5199B400C187F2 /* Assets.xcassets */,
				6206C4A12A5199B400C187F2 /* LaunchScreen.storyboard */,
				6206C4962A5199B300C187F2 /* AppDelegate.swift */,
				6206C4982A5199B300C187F2 /* SceneDelegate.swift */,
			);
			path = Resources;
			sourceTree = "<group>";
		};
		6206C4B72A51A4B900C187F2 /* Core */ = {
			isa = PBXGroup;
			children = (
				6206C49A2A5199B300C187F2 /* RMTabViewController.swift */,
				62444EEF2A534618009B1AD3 /* RMSettingsViewController.swift */,
				62444EED2A534605009B1AD3 /* RMEpisodeViewController.swift */,
				62444EE92A5345D3009B1AD3 /* RMCharacterViewController.swift */,
				62444EEB2A5345F3009B1AD3 /* RMLocationViewController.swift */,
			);
			path = Core;
			sourceTree = "<group>";
		};
/* End PBXGroup section */

/* Begin PBXNativeTarget section */
		6206C4922A5199B300C187F2 /* rickandmorty-ios */ = {
			isa = PBXNativeTarget;
			buildConfigurationList = 6206C4A72A5199B400C187F2 /* Build configuration list for PBXNativeTarget "rickandmorty-ios" */;
			buildPhases = (
				6206C48F2A5199B300C187F2 /* Sources */,
				6206C4902A5199B300C187F2 /* Frameworks */,
				6206C4912A5199B300C187F2 /* Resources */,
			);
			buildRules = (
			);
			dependencies = (
			);
			name = "rickandmorty-ios";
			productName = "rickandmorty-ios";
			productReference = 6206C4932A5199B300C187F2 /* rickandmorty-ios.app */;
			productType = "com.apple.product-type.application";
		};
/* End PBXNativeTarget section */

/* Begin PBXProject section */
		6206C48B2A5199B300C187F2 /* Project object */ = {
			isa = PBXProject;
			attributes = {
				BuildIndependentTargetsInParallel = 1;
				LastSwiftUpdateCheck = 1430;
				LastUpgradeCheck = 1430;
				TargetAttributes = {
					6206C4922A5199B300C187F2 = {
						CreatedOnToolsVersion = 14.3.1;
					};
				};
			};
			buildConfigurationList = 6206C48E2A5199B300C187F2 /* Build configuration list for PBXProject "rickandmorty-ios" */;
			compatibilityVersion = "Xcode 14.0";
			developmentRegion = en;
			hasScannedForEncodings = 0;
			knownRegions = (
				en,
				Base,
			);
			mainGroup = 6206C48A2A5199B300C187F2;
			productRefGroup = 6206C4942A5199B300C187F2 /* Products */;
			projectDirPath = "";
			projectRoot = "";
			targets = (
				6206C4922A5199B300C187F2 /* rickandmorty-ios */,
			);
		};
/* End PBXProject section */

/* Begin PBXResourcesBuildPhase section */
		6206C4912A5199B300C187F2 /* Resources */ = {
			isa = PBXResourcesBuildPhase;
			buildActionMask = 2147483647;
			files = (
				6206C4A32A5199B400C187F2 /* LaunchScreen.storyboard in Resources */,
				6206C4A02A5199B400C187F2 /* Assets.xcassets in Resources */,
			);
			runOnlyForDeploymentPostprocessing = 0;
		};
/* End PBXResourcesBuildPhase section */

/* Begin PBXSourcesBuildPhase section */
		6206C48F2A5199B300C187F2 /* Sources */ = {
			isa = PBXSourcesBuildPhase;
			buildActionMask = 2147483647;
			files = (
				627249DC2A59D83C000782F6 /* RMOrigin.swift in Sources */,
				627249DE2A59D8A4000782F6 /* RMSingleLocation.swift in Sources */,
				627249E02A59D9AE000782F6 /* RMCharacterStatus.swift in Sources */,
				627249E22A59D9E5000782F6 /* RMCharacterGender.swift in Sources */,
				62444EEC2A5345F3009B1AD3 /* RMLocationViewController.swift in Sources */,
				6206C4B62A51A26C00C187F2 /* RMEpisode.swift in Sources */,
				6206C49B2A5199B300C187F2 /* RMTabViewController.swift in Sources */,
				62444EEE2A534605009B1AD3 /* RMEpisodeViewController.swift in Sources */,
				6206C4972A5199B300C187F2 /* AppDelegate.swift in Sources */,
				6206C4992A5199B300C187F2 /* SceneDelegate.swift in Sources */,
				62444EF02A534618009B1AD3 /* RMSettingsViewController.swift in Sources */,
				627249D62A59BCF5000782F6 /* RMService.swift in Sources */,
				6206C4B22A51A23500C187F2 /* RMLocation.swift in Sources */,
				627249DA2A59BDCE000782F6 /* RMEndpoint.swift in Sources */,
				6206C4B42A51A24E00C187F2 /* RMCharacter.swift in Sources */,
				627249D82A59BD10000782F6 /* RMRequest.swift in Sources */,
				62444EEA2A5345D3009B1AD3 /* RMCharacterViewController.swift in Sources */,
			);
			runOnlyForDeploymentPostprocessing = 0;
		};
/* End PBXSourcesBuildPhase section */

/* Begin PBXVariantGroup section */
		6206C4A12A5199B400C187F2 /* LaunchScreen.storyboard */ = {
			isa = PBXVariantGroup;
			children = (
				6206C4A22A5199B400C187F2 /* Base */,
			);
			name = LaunchScreen.storyboard;
			sourceTree = "<group>";
		};
/* End PBXVariantGroup section */

/* Begin XCBuildConfiguration section */
		6206C4A52A5199B400C187F2 /* Debug */ = {
			isa = XCBuildConfiguration;
			buildSettings = {
				ALWAYS_SEARCH_USER_PATHS = NO;
				CLANG_ANALYZER_NONNULL = YES;
				CLANG_ANALYZER_NUMBER_OBJECT_CONVERSION = YES_AGGRESSIVE;
				CLANG_CXX_LANGUAGE_STANDARD = "gnu++20";
				CLANG_ENABLE_MODULES = YES;
				CLANG_ENABLE_OBJC_ARC = YES;
				CLANG_ENABLE_OBJC_WEAK = YES;
				CLANG_WARN_BLOCK_CAPTURE_AUTORELEASING = YES;
				CLANG_WARN_BOOL_CONVERSION = YES;
				CLANG_WARN_COMMA = YES;
				CLANG_WARN_CONSTANT_CONVERSION = YES;
				CLANG_WARN_DEPRECATED_OBJC_IMPLEMENTATIONS = YES;
				CLANG_WARN_DIRECT_OBJC_ISA_USAGE = YES_ERROR;
				CLANG_WARN_DOCUMENTATION_COMMENTS = YES;
				CLANG_WARN_EMPTY_BODY = YES;
				CLANG_WARN_ENUM_CONVERSION = YES;
				CLANG_WARN_INFINITE_RECURSION = YES;
				CLANG_WARN_INT_CONVERSION = YES;
				CLANG_WARN_NON_LITERAL_NULL_CONVERSION = YES;
				CLANG_WARN_OBJC_IMPLICIT_RETAIN_SELF = YES;
				CLANG_WARN_OBJC_LITERAL_CONVERSION = YES;
				CLANG_WARN_OBJC_ROOT_CLASS = YES_ERROR;
				CLANG_WARN_QUOTED_INCLUDE_IN_FRAMEWORK_HEADER = YES;
				CLANG_WARN_RANGE_LOOP_ANALYSIS = YES;
				CLANG_WARN_STRICT_PROTOTYPES = YES;
				CLANG_WARN_SUSPICIOUS_MOVE = YES;
				CLANG_WARN_UNGUARDED_AVAILABILITY = YES_AGGRESSIVE;
				CLANG_WARN_UNREACHABLE_CODE = YES;
				CLANG_WARN__DUPLICATE_METHOD_MATCH = YES;
				COPY_PHASE_STRIP = NO;
				DEBUG_INFORMATION_FORMAT = dwarf;
				ENABLE_STRICT_OBJC_MSGSEND = YES;
				ENABLE_TESTABILITY = YES;
				GCC_C_LANGUAGE_STANDARD = gnu11;
				GCC_DYNAMIC_NO_PIC = NO;
				GCC_NO_COMMON_BLOCKS = YES;
				GCC_OPTIMIZATION_LEVEL = 0;
				GCC_PREPROCESSOR_DEFINITIONS = (
					"DEBUG=1",
					"$(inherited)",
				);
				GCC_WARN_64_TO_32_BIT_CONVERSION = YES;
				GCC_WARN_ABOUT_RETURN_TYPE = YES_ERROR;
				GCC_WARN_UNDECLARED_SELECTOR = YES;
				GCC_WARN_UNINITIALIZED_AUTOS = YES_AGGRESSIVE;
				GCC_WARN_UNUSED_FUNCTION = YES;
				GCC_WARN_UNUSED_VARIABLE = YES;
				IPHONEOS_DEPLOYMENT_TARGET = 16.4;
				MTL_ENABLE_DEBUG_INFO = INCLUDE_SOURCE;
				MTL_FAST_MATH = YES;
				ONLY_ACTIVE_ARCH = YES;
				SDKROOT = iphoneos;
				SWIFT_ACTIVE_COMPILATION_CONDITIONS = DEBUG;
				SWIFT_OPTIMIZATION_LEVEL = "-Onone";
			};
			name = Debug;
		};
		6206C4A62A5199B400C187F2 /* Release */ = {
			isa = XCBuildConfiguration;
			buildSettings = {
				ALWAYS_SEARCH_USER_PATHS = NO;
				CLANG_ANALYZER_NONNULL = YES;
				CLANG_ANALYZER_NUMBER_OBJECT_CONVERSION = YES_AGGRESSIVE;
				CLANG_CXX_LANGUAGE_STANDARD = "gnu++20";
				CLANG_ENABLE_MODULES = YES;
				CLANG_ENABLE_OBJC_ARC = YES;
				CLANG_ENABLE_OBJC_WEAK = YES;
				CLANG_WARN_BLOCK_CAPTURE_AUTORELEASING = YES;
				CLANG_WARN_BOOL_CONVERSION = YES;
				CLANG_WARN_COMMA = YES;
				CLANG_WARN_CONSTANT_CONVERSION = YES;
				CLANG_WARN_DEPRECATED_OBJC_IMPLEMENTATIONS = YES;
				CLANG_WARN_DIRECT_OBJC_ISA_USAGE = YES_ERROR;
				CLANG_WARN_DOCUMENTATION_COMMENTS = YES;
				CLANG_WARN_EMPTY_BODY = YES;
				CLANG_WARN_ENUM_CONVERSION = YES;
				CLANG_WARN_INFINITE_RECURSION = YES;
				CLANG_WARN_INT_CONVERSION = YES;
				CLANG_WARN_NON_LITERAL_NULL_CONVERSION = YES;
				CLANG_WARN_OBJC_IMPLICIT_RETAIN_SELF = YES;
				CLANG_WARN_OBJC_LITERAL_CONVERSION = YES;
				CLANG_WARN_OBJC_ROOT_CLASS = YES_ERROR;
				CLANG_WARN_QUOTED_INCLUDE_IN_FRAMEWORK_HEADER = YES;
				CLANG_WARN_RANGE_LOOP_ANALYSIS = YES;
				CLANG_WARN_STRICT_PROTOTYPES = YES;
				CLANG_WARN_SUSPICIOUS_MOVE = YES;
				CLANG_WARN_UNGUARDED_AVAILABILITY = YES_AGGRESSIVE;
				CLANG_WARN_UNREACHABLE_CODE = YES;
				CLANG_WARN__DUPLICATE_METHOD_MATCH = YES;
				COPY_PHASE_STRIP = NO;
				DEBUG_INFORMATION_FORMAT = "dwarf-with-dsym";
				ENABLE_NS_ASSERTIONS = NO;
				ENABLE_STRICT_OBJC_MSGSEND = YES;
				GCC_C_LANGUAGE_STANDARD = gnu11;
				GCC_NO_COMMON_BLOCKS = YES;
				GCC_WARN_64_TO_32_BIT_CONVERSION = YES;
				GCC_WARN_ABOUT_RETURN_TYPE = YES_ERROR;
				GCC_WARN_UNDECLARED_SELECTOR = YES;
				GCC_WARN_UNINITIALIZED_AUTOS = YES_AGGRESSIVE;
				GCC_WARN_UNUSED_FUNCTION = YES;
				GCC_WARN_UNUSED_VARIABLE = YES;
				IPHONEOS_DEPLOYMENT_TARGET = 16.4;
				MTL_ENABLE_DEBUG_INFO = NO;
				MTL_FAST_MATH = YES;
				SDKROOT = iphoneos;
				SWIFT_COMPILATION_MODE = wholemodule;
				SWIFT_OPTIMIZATION_LEVEL = "-O";
				VALIDATE_PRODUCT = YES;
			};
			name = Release;
		};
		6206C4A82A5199B400C187F2 /* Debug */ = {
			isa = XCBuildConfiguration;
			buildSettings = {
				ASSETCATALOG_COMPILER_APPICON_NAME = AppIcon;
				ASSETCATALOG_COMPILER_GLOBAL_ACCENT_COLOR_NAME = AccentColor;
				CODE_SIGN_STYLE = Automatic;
				CURRENT_PROJECT_VERSION = 1;
				GENERATE_INFOPLIST_FILE = YES;
				INFOPLIST_FILE = "rickandmorty-ios/Info.plist";
				INFOPLIST_KEY_UIApplicationSupportsIndirectInputEvents = YES;
				INFOPLIST_KEY_UILaunchStoryboardName = LaunchScreen;
				INFOPLIST_KEY_UISupportedInterfaceOrientations_iPad = "UIInterfaceOrientationPortrait UIInterfaceOrientationPortraitUpsideDown UIInterfaceOrientationLandscapeLeft UIInterfaceOrientationLandscapeRight";
				INFOPLIST_KEY_UISupportedInterfaceOrientations_iPhone = "UIInterfaceOrientationPortrait UIInterfaceOrientationLandscapeLeft UIInterfaceOrientationLandscapeRight";
				LD_RUNPATH_SEARCH_PATHS = (
					"$(inherited)",
					"@executable_path/Frameworks",
				);
				MARKETING_VERSION = 1.0;
				PRODUCT_BUNDLE_IDENTIFIER = "com.creatives.rickandmorty-ios";
				PRODUCT_NAME = "$(TARGET_NAME)";
				SWIFT_EMIT_LOC_STRINGS = YES;
				SWIFT_VERSION = 5.0;
				TARGETED_DEVICE_FAMILY = "1,2";
			};
			name = Debug;
		};
		6206C4A92A5199B400C187F2 /* Release */ = {
			isa = XCBuildConfiguration;
			buildSettings = {
				ASSETCATALOG_COMPILER_APPICON_NAME = AppIcon;
				ASSETCATALOG_COMPILER_GLOBAL_ACCENT_COLOR_NAME = AccentColor;
				CODE_SIGN_STYLE = Automatic;
				CURRENT_PROJECT_VERSION = 1;
				GENERATE_INFOPLIST_FILE = YES;
				INFOPLIST_FILE = "rickandmorty-ios/Info.plist";
				INFOPLIST_KEY_UIApplicationSupportsIndirectInputEvents = YES;
				INFOPLIST_KEY_UILaunchStoryboardName = LaunchScreen;
				INFOPLIST_KEY_UISupportedInterfaceOrientations_iPad = "UIInterfaceOrientationPortrait UIInterfaceOrientationPortraitUpsideDown UIInterfaceOrientationLandscapeLeft UIInterfaceOrientationLandscapeRight";
				INFOPLIST_KEY_UISupportedInterfaceOrientations_iPhone = "UIInterfaceOrientationPortrait UIInterfaceOrientationLandscapeLeft UIInterfaceOrientationLandscapeRight";
				LD_RUNPATH_SEARCH_PATHS = (
					"$(inherited)",
					"@executable_path/Frameworks",
				);
				MARKETING_VERSION = 1.0;
				PRODUCT_BUNDLE_IDENTIFIER = "com.creatives.rickandmorty-ios";
				PRODUCT_NAME = "$(TARGET_NAME)";
				SWIFT_EMIT_LOC_STRINGS = YES;
				SWIFT_VERSION = 5.0;
				TARGETED_DEVICE_FAMILY = "1,2";
			};
			name = Release;
		};
/* End XCBuildConfiguration section */

/* Begin XCConfigurationList section */
		6206C48E2A5199B300C187F2 /* Build configuration list for PBXProject "rickandmorty-ios" */ = {
			isa = XCConfigurationList;
			buildConfigurations = (
				6206C4A52A5199B400C187F2 /* Debug */,
				6206C4A62A5199B400C187F2 /* Release */,
			);
			defaultConfigurationIsVisible = 0;
			defaultConfigurationName = Release;
		};
		6206C4A72A5199B400C187F2 /* Build configuration list for PBXNativeTarget "rickandmorty-ios" */ = {
			isa = XCConfigurationList;
			buildConfigurations = (
				6206C4A82A5199B400C187F2 /* Debug */,
				6206C4A92A5199B400C187F2 /* Release */,
			);
			defaultConfigurationIsVisible = 0;
			defaultConfigurationName = Release;
		};
/* End XCConfigurationList section */
	};
	rootObject = 6206C48B2A5199B300C187F2 /* Project object */;
}
